# This file is autogenerated, do not edit; changes may be undone by the next 'dep ensure'.


[[projects]]
  branch = "master"
  digest = "1:cd9a77a242c71264cdced5ba75d6e1ace9412c37e2bf6a75033f79098db03dba"
  name = "github.com/capnm/sysinfo"
  packages = ["."]
  pruneopts = "UT"
  revision = "5909a53897f32d198d9c81e3417f6d25ecfd2229"

[[projects]]
  digest = "1:860a44307daedc81a42341b4739a24de918a81c915761af0b960d0df8a6f19ba"
  name = "github.com/magefile/mage"
  packages = [
    "internal",
    "mage",
    "mg",
    "parse",
    "sh",
  ]
  pruneopts = "UT"
  revision = "07afc7d24f4d6d6442305d49552f04fbda5ccb3e"
  version = "v1.11.0"

[[projects]]
  digest = "1:b6130532744d156e23d72436ebd9be1ee14b3558cb004837f2a916b0385154bc"
  name = "github.com/sirupsen/logrus"
  packages = ["."]
  pruneopts = "UT"
  revision = "15ca3c069407c43d647261dc2a4a8e76a05094b4"
  version = "v1.7.1"

[[projects]]
  digest = "1:b24d38b282bacf9791408a080f606370efa3d364e4b5fd9ba0f7b87786d3b679"
  name = "github.com/urfave/cli"
  packages = ["."]
  pruneopts = "UT"
  revision = "cfb38830724cc34fedffe9a2a29fb54fa9169cd1"
  version = "v1.20.0"

[[projects]]
  branch = "master"
  digest = "1:503f66aac79cb9135d73679c7fa3e95a6fad82a3da399c505ea282b50ff03723"
  name = "golang.org/x/sys"
  packages = [
    "unix",
    "windows",
  ]
  pruneopts = "UT"
  revision = "4b34438f7a67ee5f45cc6132e2bad873a20324e9"

[solve-meta]
  analyzer-name = "dep"
  analyzer-version = 1
  input-imports = [
    "github.com/capnm/sysinfo",
    "github.com/sirupsen/logrus",
    "github.com/urfave/cli",
  ]
  solver-name = "gps-cdcl"
  solver-version = 1
